
Microsoft Visual Studio Solution File, Format Version 12.00
# Visual Studio Version 16
VisualStudioVersion = 16.0.29728.190
MinimumVisualStudioVersion = 10.0.40219.1
Project("{FAE04EC0-301F-11D3-BF4B-00C04F79EFBC}") = "FUN", "FUN\FUN.csproj", "{5732F12F-A41D-4149-8C16-731686C0CBE3}"
EndProject
Project("{FAE04EC0-301F-11D3-BF4B-00C04F79EFBC}") = "UnitTestProject1", "UnitTestProject1\UnitTestProject1.csproj", "{0374917F-FB70-42BD-A038-452FF59D2F05}"
EndProject
Global
	GlobalSection(SolutionConfigurationPlatforms) = preSolution
		Debug|Any CPU = Debug|Any CPU
		Release|Any CPU = Release|Any CPU
	EndGlobalSection
	GlobalSection(ProjectConfigurationPlatforms) = postSolution
		{5732F12F-A41D-4149-8C16-731686C0CBE3}.Debug|Any CPU.ActiveCfg = Debug|Any CPU
		{5732F12F-A41D-4149-8C16-731686C0CBE3}.Debug|Any CPU.Build.0 = Debug|Any CPU
		{5732F12F-A41D-4149-8C16-731686C0CBE3}.Release|Any CPU.ActiveCfg = Release|Any CPU
		{5732F12F-A41D-4149-8C16-731686C0CBE3}.Release|Any CPU.Build.0 = Release|Any CPU
		{0374917F-FB70-42BD-A038-452FF59D2F05}.Debug|Any CPU.ActiveCfg = Debug|Any CPU
		{0374917F-FB70-42BD-A038-452FF59D2F05}.Debug|Any CPU.Build.0 = Debug|Any CPU
		{0374917F-FB70-42BD-A038-452FF59D2F05}.Release|Any CPU.ActiveCfg = Release|Any CPU
		{0374917F-FB70-42BD-A038-452FF59D2F05}.Release|Any CPU.Build.0 = Release|Any CPU
	EndGlobalSection
	GlobalSection(SolutionProperties) = preSolution
		HideSolutionNode = FALSE
	EndGlobalSection
	GlobalSection(ExtensibilityGlobals) = postSolution
		SolutionGuid = {DA63F91E-2D79-4007-9140-9FECDE4CD0EF}
	EndGlobalSection
EndGlobal
